
Microsoft Visual Studio Solution File, Format Version 12.00
# Visual Studio Version 16
VisualStudioVersion = 16.0.31005.135
MinimumVisualStudioVersion = 10.0.40219.1
Project("{FAE04EC0-301F-11D3-BF4B-00C04F79EFBC}") = "SerialPorts", "SerialPorts.csproj", "{961F751F-D508-4B42-ACA0-886AF4CEC514}"
EndProject
Global
	GlobalSection(SolutionConfigurationPlatforms) = preSolution
		Debug|Any CPU = Debug|Any CPU
		Release|Any CPU = Release|Any CPU
	EndGlobalSection
	GlobalSection(ProjectConfigurationPlatforms) = postSolution
		{961F751F-D508-4B42-ACA0-886AF4CEC514}.Debug|Any CPU.ActiveCfg = Debug|Any CPU
		{961F751F-D508-4B42-ACA0-886AF4CEC514}.Debug|Any CPU.Build.0 = Debug|Any CPU
		{961F751F-D508-4B42-ACA0-886AF4CEC514}.Release|Any CPU.ActiveCfg = Release|Any CPU
		{961F751F-D508-4B42-ACA0-886AF4CEC514}.Release|Any CPU.Build.0 = Release|Any CPU
	EndGlobalSection
	GlobalSection(SolutionProperties) = preSolution
		HideSolutionNode = FALSE
	EndGlobalSection
	GlobalSection(ExtensibilityGlobals) = postSolution
		SolutionGuid = {61ECCB17-883A-40AB-9666-3601B3F7C693}
	EndGlobalSection
EndGlobal
